
Microsoft Visual Studio Solution File, Format Version 12.00
# Visual Studio 14
VisualStudioVersion = 14.0.25420.1
MinimumVisualStudioVersion = 10.0.40219.1
Project("{FAE04EC0-301F-11D3-BF4B-00C04F79EFBC}") = "Model", "Model\Model.csproj", "{ED3573F0-9145-41A7-B4F4-85834ADB5157}"
EndProject
Project("{FAE04EC0-301F-11D3-BF4B-00C04F79EFBC}") = "Produfrais.Console", "Produfrais.Console\Produfrais.Console.csproj", "{64F68C4F-7819-4279-A15E-E18E134FFD41}"
EndProject
Project("{FAE04EC0-301F-11D3-BF4B-00C04F79EFBC}") = "ProdufraisApp", "ProdufraisApp\ProdufraisApp.csproj", "{BC359B9C-2515-4A6A-9F89-A31367FB50EB}"
EndProject
Project("{FAE04EC0-301F-11D3-BF4B-00C04F79EFBC}") = "ProdufraisServices", "ProdufraisServices\ProdufraisServices.csproj", "{0EB805D2-1CF0-46DB-AC44-D0F010C38136}"
EndProject
Global
	GlobalSection(SolutionConfigurationPlatforms) = preSolution
		Debug|Any CPU = Debug|Any CPU
		Release|Any CPU = Release|Any CPU
	EndGlobalSection
	GlobalSection(ProjectConfigurationPlatforms) = postSolution
		{ED3573F0-9145-41A7-B4F4-85834ADB5157}.Debug|Any CPU.ActiveCfg = Debug|Any CPU
		{ED3573F0-9145-41A7-B4F4-85834ADB5157}.Debug|Any CPU.Build.0 = Debug|Any CPU
		{ED3573F0-9145-41A7-B4F4-85834ADB5157}.Release|Any CPU.ActiveCfg = Release|Any CPU
		{ED3573F0-9145-41A7-B4F4-85834ADB5157}.Release|Any CPU.Build.0 = Release|Any CPU
		{64F68C4F-7819-4279-A15E-E18E134FFD41}.Debug|Any CPU.ActiveCfg = Debug|Any CPU
		{64F68C4F-7819-4279-A15E-E18E134FFD41}.Debug|Any CPU.Build.0 = Debug|Any CPU
		{64F68C4F-7819-4279-A15E-E18E134FFD41}.Release|Any CPU.ActiveCfg = Release|Any CPU
		{64F68C4F-7819-4279-A15E-E18E134FFD41}.Release|Any CPU.Build.0 = Release|Any CPU
		{BC359B9C-2515-4A6A-9F89-A31367FB50EB}.Debug|Any CPU.ActiveCfg = Debug|Any CPU
		{BC359B9C-2515-4A6A-9F89-A31367FB50EB}.Debug|Any CPU.Build.0 = Debug|Any CPU
		{BC359B9C-2515-4A6A-9F89-A31367FB50EB}.Release|Any CPU.ActiveCfg = Release|Any CPU
		{BC359B9C-2515-4A6A-9F89-A31367FB50EB}.Release|Any CPU.Build.0 = Release|Any CPU
		{0EB805D2-1CF0-46DB-AC44-D0F010C38136}.Debug|Any CPU.ActiveCfg = Debug|Any CPU
		{0EB805D2-1CF0-46DB-AC44-D0F010C38136}.Debug|Any CPU.Build.0 = Debug|Any CPU
		{0EB805D2-1CF0-46DB-AC44-D0F010C38136}.Release|Any CPU.ActiveCfg = Release|Any CPU
		{0EB805D2-1CF0-46DB-AC44-D0F010C38136}.Release|Any CPU.Build.0 = Release|Any CPU
	EndGlobalSection
	GlobalSection(SolutionProperties) = preSolution
		HideSolutionNode = FALSE
	EndGlobalSection
EndGlobal
